
Microsoft Visual Studio Solution File, Format Version 12.00
# Visual Studio 15
VisualStudioVersion = 15.0.28307.1259
MinimumVisualStudioVersion = 10.0.40219.1
Project("{FAE04EC0-301F-11D3-BF4B-00C04F79EFBC}") = "Ambus", "AMBUS_Master\Ambus.csproj", "{A826FB40-E03F-465E-8C69-2A8213B9F037}"
EndProject
Global
	GlobalSection(SolutionConfigurationPlatforms) = preSolution
		Debug|Any CPU = Debug|Any CPU
		Release|Any CPU = Release|Any CPU
	EndGlobalSection
	GlobalSection(ProjectConfigurationPlatforms) = postSolution
		{A826FB40-E03F-465E-8C69-2A8213B9F037}.Debug|Any CPU.ActiveCfg = Debug|Any CPU
		{A826FB40-E03F-465E-8C69-2A8213B9F037}.Debug|Any CPU.Build.0 = Debug|Any CPU
		{A826FB40-E03F-465E-8C69-2A8213B9F037}.Release|Any CPU.ActiveCfg = Release|Any CPU
		{A826FB40-E03F-465E-8C69-2A8213B9F037}.Release|Any CPU.Build.0 = Release|Any CPU
	EndGlobalSection
	GlobalSection(SolutionProperties) = preSolution
		HideSolutionNode = FALSE
	EndGlobalSection
	GlobalSection(ExtensibilityGlobals) = postSolution
		SolutionGuid = {9C874C0B-DEF8-4D46-925A-D24D0BB6E174}
	EndGlobalSection
EndGlobal
